version = 1
revision = 2
requires-python = ">=3.9"

[[package]]
name = "cfgv"
version = "3.4.0"
source = { registry = "https://pypi.org/simple" }
sdist = { url = "https://files.pythonhosted.org/packages/11/74/539e56497d9bd1d484fd863dd69cbbfa653cd2aa27abfe35653494d85e94/cfgv-3.4.0.tar.gz", hash = "sha256:e52591d4c5f5dead8e0f673fb16db7949d2cfb3f7da4582893288f0ded8fe560", size = 7114, upload-time = "2023-08-12T20:38:17.776Z" }
wheels = [
    { url = "https://files.pythonhosted.org/packages/c5/55/51844dd50c4fc7a33b653bfaba4c2456f06955289ca770a5dbd5fd267374/cfgv-3.4.0-py2.py3-none-any.whl", hash = "sha256:b7265b1f29fd3316bfcd2b330d63d024f2bfd8bcb8b0272f8e19a504856c48f9", size = 7249, upload-time = "2023-08-12T20:38:16.269Z" },
]

[[package]]
name = "cython"
version = "3.1.1"
source = { registry = "https://pypi.org/simple" }
sdist = { url = "https://files.pythonhosted.org/packages/5b/d3/bb000603e46144db2e5055219bbddcf7ab3b10012fcb342695694fb88141/cython-3.1.1.tar.gz", hash = "sha256:505ccd413669d5132a53834d792c707974248088c4f60c497deb1b416e366397", size = 3175446, upload-time = "2025-05-19T09:44:54.347Z" }
wheels = [
    { url = "https://files.pythonhosted.org/packages/37/81/67060b1f3ef43faf039eb1badd27bd3e9c00ec8ff53db35b95760083ea45/cython-3.1.1-cp310-cp310-macosx_10_9_x86_64.whl", hash = "sha256:0de7adff5b42d2556d073e9f321c2faa639a17fb195ec1de130327f60ec209d8", size = 2964150, upload-time = "2025-05-19T09:56:25.366Z" },
    { url = "https://files.pythonhosted.org/packages/ec/cf/d1bbc3330469d57f2ba4d6d3a0a5a83c503fea6c4a7fc24e1f706d60788e/cython-3.1.1-cp310-cp310-macosx_11_0_arm64.whl", hash = "sha256:9b61b99205308c96b1162de59bd67ecadcad3d166a4a1f03a3d9e826c39cd375", size = 2827545, upload-time = "2025-05-19T09:56:29.025Z" },
    { url = "https://files.pythonhosted.org/packages/86/9c/e9af4ee8559331e27e5b9b2f0c21c71fde0b8f8ec1425f826647e432cacc/cython-3.1.1-cp310-cp310-manylinux_2_17_aarch64.manylinux2014_aarch64.whl", hash = "sha256:d14186bd96783d13b8fd0e5b289f2e137a8a25479638b73a1c7e4a99a8d70753", size = 3203093, upload-time = "2025-05-19T09:56:31.175Z" },
    { url = "https://files.pythonhosted.org/packages/6c/3c/322a76b8ca53e23fb016626170e2e10de7791e50736ee3da50cc57eeae65/cython-3.1.1-cp310-cp310-manylinux_2_17_x86_64.manylinux2014_x86_64.whl", hash = "sha256:0e3ccec55e2a534a712db14c6617b66f65ad149c014fad518fc3920f6edde770", size = 3324310, upload-time = "2025-05-19T09:56:34.638Z" },
    { url = "https://files.pythonhosted.org/packages/cc/60/335115586fb78ef5dd12151b6e09c9d30bc4353fc08539acdbbf2fd009c5/cython-3.1.1-cp310-cp310-manylinux_2_5_i686.manylinux1_i686.manylinux_2_17_i686.manylinux2014_i686.whl", hash = "sha256:a585796939b09b3205b1980e4a55e745c0251e45a5c637afbcac3c6cc9ad6f90", size = 3385463, upload-time = "2025-05-19T09:56:36.99Z" },
    { url = "https://files.pythonhosted.org/packages/7d/20/c79d2a7970208f9624029a4fb1504e827c0c575e222729a4fb7dd736f517/cython-3.1.1-cp310-cp310-musllinux_1_2_aarch64.whl", hash = "sha256:3fa4bd840de63509c74867b4b092541720a01db1e07351206011c34e0777dc96", size = 3249043, upload-time = "2025-05-19T09:56:39.091Z" },
    { url = "https://files.pythonhosted.org/packages/23/1a/5b361d93c1f55fbe29be15375127dc0f64195fb9d7d9e3b4a4137fbe34b2/cython-3.1.1-cp310-cp310-musllinux_1_2_i686.whl", hash = "sha256:b68f1bc80387554eb43f2b62795c173bed9e37201f39dc5084ac437c90a79c9f", size = 3472158, upload-time = "2025-05-19T09:56:41.276Z" },
    { url = "https://files.pythonhosted.org/packages/37/80/66831d7eec4becda833d3bd0199e2de8f47881f045bf450763b4bbedfcc6/cython-3.1.1-cp310-cp310-musllinux_1_2_x86_64.whl", hash = "sha256:e851ab66a31794e40df1bc6f649cdc56c998c637f5a1b9410c97a90f6b6cb855", size = 3405190, upload-time = "2025-05-19T09:56:44.735Z" },
    { url = "https://files.pythonhosted.org/packages/62/72/55e71a5a03b73951f260b61ea272c4b7787a41871d7cd6ff77db16351681/cython-3.1.1-cp310-cp310-win32.whl", hash = "sha256:64915259276482fa23417b284d1fdc7e3a618ee2f819bb6ea7f974c075633df6", size = 2451446, upload-time = "2025-05-19T09:56:46.757Z" },
    { url = "https://files.pythonhosted.org/packages/f0/96/449d384dfe2523476a30bc45da041b5de15a3824530ae64a631efaed81a9/cython-3.1.1-cp310-cp310-win_amd64.whl", hash = "sha256:dee554f0a589377bdaea0eb70e212bf3f35dc6a51a2aa86c9351345e21fd2f07", size = 2650269, upload-time = "2025-05-19T09:56:49.046Z" },
    { url = "https://files.pythonhosted.org/packages/35/b3/bc75c0352214b5ced31ce5e0d051d0ad4ad916aa7a1d669d1876ad1e59aa/cython-3.1.1-cp311-cp311-macosx_10_9_x86_64.whl", hash = "sha256:c360823e1063784efc2335617e0f28573d7a594c5a8a05d85e850a9621cccb1f", size = 2998590, upload-time = "2025-05-19T09:56:51.148Z" },
    { url = "https://files.pythonhosted.org/packages/bf/0a/5840cdd7a1e8c0d2ffeb5e09afd32b8d10321cce33a2554ef10ea832a200/cython-3.1.1-cp311-cp311-macosx_11_0_arm64.whl", hash = "sha256:12e00b88147b03c148a95365f89dc1c45a0fc52f9c35aa75ff770ef65b615839", size = 2860818, upload-time = "2025-05-19T09:56:53.694Z" },
    { url = "https://files.pythonhosted.org/packages/63/2e/0fac02ce46f208af54d76c6c786b8dddeb207ca94aa85b0455f6cbaa472c/cython-3.1.1-cp311-cp311-manylinux_2_17_aarch64.manylinux2014_aarch64.whl", hash = "sha256:ab644415458d782c16ba7252de9cec1e3125371641cafea2e53a8c1cf85dd58d", size = 3124262, upload-time = "2025-05-19T09:56:56.277Z" },
    { url = "https://files.pythonhosted.org/packages/23/04/b7ae247b83b3f98966184c1a787001964132ae2e05a989769b1a5e7325da/cython-3.1.1-cp311-cp311-manylinux_2_17_x86_64.manylinux2014_x86_64.whl", hash = "sha256:c5cb6c054daadaf01a88c8f49f3edd9e829c9b76a82cbb4269e3f9878254540b", size = 3215216, upload-time = "2025-05-19T09:56:58.674Z" },
    { url = "https://files.pythonhosted.org/packages/b5/3b/c4e6c16b099a592dbd6cd615c4de901eb8cc2795d5445d77b8cd378de7da/cython-3.1.1-cp311-cp311-manylinux_2_5_i686.manylinux1_i686.manylinux_2_17_i686.manylinux2014_i686.whl", hash = "sha256:af8f62cc9339b75fe8434325083e6a7cae88c9c21efd74bbb6ba4e3623219469", size = 3282597, upload-time = "2025-05-19T09:57:00.85Z" },
    { url = "https://files.pythonhosted.org/packages/06/dd/90a8fd8508298f1f16e2cbc665774047fbc81f0370125b6e32f0a182fc10/cython-3.1.1-cp311-cp311-musllinux_1_2_aarch64.whl", hash = "sha256:689c1aad373556bd2ab1aa1c2dad8939a2891465a1fbd2cbbdd42b488fb40ec8", size = 3175592, upload-time = "2025-05-19T09:57:03.1Z" },
    { url = "https://files.pythonhosted.org/packages/af/ab/2cd4e8d5c46499ea2ca5b7c3ae4053db86465b35a8870ce5e847fee06aff/cython-3.1.1-cp311-cp311-musllinux_1_2_i686.whl", hash = "sha256:953046c190fa9ab9a09a546a909b847cdbb4c1fe34e9bfa4a15b6ee1585a86aa", size = 3378435, upload-time = "2025-05-19T09:57:05.535Z" },
    { url = "https://files.pythonhosted.org/packages/b2/99/250fb399af2edd9861774f0c8b6c4b7d862aa52d966a07b860bcd723842a/cython-3.1.1-cp311-cp311-musllinux_1_2_x86_64.whl", hash = "sha256:755a991601b27dd3555310d0f95b19a05e622a80d7b4e7a91fa6f5f3ef3f3b80", size = 3300519, upload-time = "2025-05-19T09:57:07.512Z" },
    { url = "https://files.pythonhosted.org/packages/37/09/1c5d470580d9b92107cadedc848f43e2f2102284f8b666ea9ab82f6fc101/cython-3.1.1-cp311-cp311-win32.whl", hash = "sha256:83b2af5c327f7da4f08afc34fddfaf6d24fa0c000b6b70a527c8125e493b6080", size = 2447287, upload-time = "2025-05-19T09:57:09.958Z" },
    { url = "https://files.pythonhosted.org/packages/30/67/c99ec81380cd9d2c798eb1572f61dbe50318958925049b39029f73fe6b52/cython-3.1.1-cp311-cp311-win_amd64.whl", hash = "sha256:141ffd6279411c562f6b707adc56b63e965a4fd7f21db83f5d4fcbd8c50ac546", size = 2655739, upload-time = "2025-05-19T09:57:11.938Z" },
    { url = "https://files.pythonhosted.org/packages/78/06/83ff82381319ff68ae46f9dd3024b1d5101997e81a8e955811525b6f934b/cython-3.1.1-cp312-cp312-macosx_10_13_x86_64.whl", hash = "sha256:9d7dc0e4d0cd491fac679a61e9ede348c64ca449f99a284f9a01851aa1dbc7f6", size = 3006334, upload-time = "2025-05-19T09:57:14.284Z" },
    { url = "https://files.pythonhosted.org/packages/c3/01/b4c46c6a27cd2da642bc987c1f9087265defbc96a1929d326b9034953f15/cython-3.1.1-cp312-cp312-macosx_11_0_arm64.whl", hash = "sha256:fd689910002adfac8734f237cdea1573e38345f27ed7fd445482813b65a29457", size = 2836861, upload-time = "2025-05-19T09:57:16.129Z" },
    { url = "https://files.pythonhosted.org/packages/96/51/7936c5d01ec3c89be8de1756f284878d4a567627b7b1790455ac627fb833/cython-3.1.1-cp312-cp312-manylinux_2_17_aarch64.manylinux2014_aarch64.whl", hash = "sha256:10f0434916994fe213ea7749268b88d77e3ebcbd1b99542cf64bb7d180f45470", size = 3074560, upload-time = "2025-05-19T09:57:18.797Z" },
    { url = "https://files.pythonhosted.org/packages/0d/81/34aeb787dcb2624a82a33e60276ed28d2da8a08c79660cf674b19be82248/cython-3.1.1-cp312-cp312-manylinux_2_17_x86_64.manylinux2014_x86_64.whl", hash = "sha256:873aac4ac0b0fb197557c0ac15458b780b9221daa4a716881cbd1a9016c8459f", size = 3192645, upload-time = "2025-05-19T09:57:21.002Z" },
    { url = "https://files.pythonhosted.org/packages/e8/bf/1350ed6cb48158a4f096306a12bc4c26c6d20d3314f1f1978ea23afe0220/cython-3.1.1-cp312-cp312-manylinux_2_5_i686.manylinux1_i686.manylinux_2_17_i686.manylinux2014_i686.whl", hash = "sha256:23b886a6c8a50b1101ccef2f2f3dc9c699b77633ef5bb5007090226c2ad3f9c2", size = 3241751, upload-time = "2025-05-19T09:57:23.118Z" },
    { url = "https://files.pythonhosted.org/packages/1e/f5/9ed5a898c41723e3da2317fd1f082d963ff08571caeded31cb945be589b5/cython-3.1.1-cp312-cp312-musllinux_1_2_aarch64.whl", hash = "sha256:dff0e7dd53a0ca35b64cda843253d5cac944db26663dc097b3a1adf2c49514ad", size = 3123562, upload-time = "2025-05-19T09:57:25.492Z" },
    { url = "https://files.pythonhosted.org/packages/c3/81/b5ce4393d3a0a75a8c6d9ad0b80a62263d892260b816eb3d569ef144511a/cython-3.1.1-cp312-cp312-musllinux_1_2_i686.whl", hash = "sha256:0f7954b0b4b3302655d3caa6924261de5907a4e129bc22ace52fe9ae0cd5a758", size = 3333555, upload-time = "2025-05-19T09:57:29.232Z" },
    { url = "https://files.pythonhosted.org/packages/db/47/2c1fa4b4901f10d00e666931dd68d4bd7954d3caa900544d135424ef6178/cython-3.1.1-cp312-cp312-musllinux_1_2_x86_64.whl", hash = "sha256:dfa500fd7ae95ca152a5f8062b870532fa3e27efcef6d00612e1f28b9f72615f", size = 3282112, upload-time = "2025-05-19T09:57:31.904Z" },
    { url = "https://files.pythonhosted.org/packages/ed/5b/b000d3ebff79429419d846e06c5c09f33fd010e1f6158d7ba553e1082253/cython-3.1.1-cp312-cp312-win32.whl", hash = "sha256:cd748fab8e4426dbcb2e0fa2979558333934d24365e0de5672fbabfe337d880c", size = 2462293, upload-time = "2025-05-19T09:57:34.964Z" },
    { url = "https://files.pythonhosted.org/packages/45/0e/e1370ed3216e4e164232d1891c2a2932a3874d1a8681f8c3565cafd98579/cython-3.1.1-cp312-cp312-win_amd64.whl", hash = "sha256:307f216ed319ea07644f2ef9974406c830f01bc8e677e2147e9bfcdf9e3ca8ad", size = 2666710, upload-time = "2025-05-19T09:57:37.528Z" },
    { url = "https://files.pythonhosted.org/packages/2c/ec/7bc61e156f71cefdc1c7c2a9b8d25facdf6d208f9e19a80aa4ae56a9842e/cython-3.1.1-cp313-cp313-macosx_10_13_x86_64.whl", hash = "sha256:cb5661941707bd41ec7a9c273d698113ac50392444f785088e9d9706c6a5937b", size = 2990324, upload-time = "2025-05-19T09:57:39.962Z" },
    { url = "https://files.pythonhosted.org/packages/1a/86/2f2550dcda3b54c65c9132ec95470cc4115b96a78163e539e0a02f767f05/cython-3.1.1-cp313-cp313-macosx_11_0_arm64.whl", hash = "sha256:28b174f41718a7041cfbe0f48913020875ff1aaa4793942b2451ac6d2baf3f07", size = 2822556, upload-time = "2025-05-19T09:57:41.989Z" },
    { url = "https://files.pythonhosted.org/packages/9d/f8/b7a14323ee8474be00909469dd115e84d28719aaf94a55623fd6366dcab5/cython-3.1.1-cp313-cp313-manylinux_2_17_aarch64.manylinux2014_aarch64.whl", hash = "sha256:c740a10cd0f50321d048c8ca318eefb4c42b8bffef982dcd89c946d374192702", size = 3060223, upload-time = "2025-05-19T09:57:46.439Z" },
    { url = "https://files.pythonhosted.org/packages/ca/90/9fe8b93fa239b4871252274892c232415f53d5af0859c4a6ac9b1cbf9950/cython-3.1.1-cp313-cp313-manylinux_2_17_x86_64.manylinux2014_x86_64.whl", hash = "sha256:7da069ca769903c5dee56c5f7ab47b2b7b91030eee48912630db5f4f3ec5954a", size = 3180196, upload-time = "2025-05-19T09:57:48.619Z" },
    { url = "https://files.pythonhosted.org/packages/01/95/8fe6282a846f8ce56bb62434b48053910c68c94ec5da3bd47bc2de0bb5e2/cython-3.1.1-cp313-cp313-manylinux_2_5_i686.manylinux1_i686.manylinux_2_17_i686.manylinux2014_i686.whl", hash = "sha256:24c640c0746d984789fe2787a098f06cda456ef2dd78b90164d17884b350839a", size = 3208726, upload-time = "2025-05-19T09:57:51.258Z" },
    { url = "https://files.pythonhosted.org/packages/be/28/7db9e79a5099659f6e46c48577f582e6b542873159c3f65033a247e364b5/cython-3.1.1-cp313-cp313-musllinux_1_2_aarch64.whl", hash = "sha256:426d78565eb91d3366569b20e92b8f14bffef5f57b2acd05b60bbb9ce5c056a1", size = 3112452, upload-time = "2025-05-19T09:57:53.365Z" },
    { url = "https://files.pythonhosted.org/packages/44/68/de53aff8db5f05efd9fe7f1435aa6019573b94ae151ef82a66ca20b4ec57/cython-3.1.1-cp313-cp313-musllinux_1_2_i686.whl", hash = "sha256:b181158b5761bdaf40f6854f016ab7ddff64d3db4fca55cb3ca0f73813dd76d6", size = 3305698, upload-time = "2025-05-19T09:57:55.485Z" },
    { url = "https://files.pythonhosted.org/packages/52/e9/a54f53ba5feeb00e187e24ba6fc7b085075e8ac53ed22797ac9d77db7422/cython-3.1.1-cp313-cp313-musllinux_1_2_x86_64.whl", hash = "sha256:7489559e6c5ecbba49d535c2e03cf77c2594a3190b6aca7da5b508ba1664a89a", size = 3258348, upload-time = "2025-05-19T09:57:57.605Z" },
    { url = "https://files.pythonhosted.org/packages/0c/07/8c1a2ff59af7976ba16afe8cd54a070ce2986924cacecc7812236bf7f1c7/cython-3.1.1-cp313-cp313-win32.whl", hash = "sha256:263cb0e497910fb5e0a361ad1393b6d728b092178afecc56e8a786f3739960c3", size = 2457891, upload-time = "2025-05-19T09:57:59.675Z" },
    { url = "https://files.pythonhosted.org/packages/79/5e/c469f7b42e145a06af79a3f7b599454c028a823c6a83adc867ddfd02f941/cython-3.1.1-cp313-cp313-win_amd64.whl", hash = "sha256:e000f0533eedf3d6dfbe30bb3c58a054c58f0a7778390342fa577a0dc47adab3", size = 2665693, upload-time = "2025-05-19T09:58:02.262Z" },
    { url = "https://files.pythonhosted.org/packages/66/06/d0177d096fa149e417510caf8c5e1c53554f168b918ddc52515d94c883dc/cython-3.1.1-cp39-cp39-macosx_10_9_x86_64.whl", hash = "sha256:40f50b07c479eaf33981d81cad274c68cf9fb81dbe79cbf991f59491c88a4705", size = 2973317, upload-time = "2025-05-19T09:58:25.824Z" },
    { url = "https://files.pythonhosted.org/packages/0e/5a/cb75a1e67a0a5d3c54e91f714a15d4ff631439446b71820045f3a84901a1/cython-3.1.1-cp39-cp39-macosx_11_0_arm64.whl", hash = "sha256:a92f6bd395eadea6eed722a8188d3bdd49db1c9fa3c38710456d6148ab71bad7", size = 2835598, upload-time = "2025-05-19T09:58:28.115Z" },
    { url = "https://files.pythonhosted.org/packages/d3/d7/6c30ba90d8800df4bd15e5468f7c880b5a81343f11254300b5326d8d7ff3/cython-3.1.1-cp39-cp39-manylinux_2_17_aarch64.manylinux2014_aarch64.whl", hash = "sha256:268420b92307ae6c5a16e3cf0e2ba1ae3c861650e992893922a0ce08db07cfdb", size = 3211884, upload-time = "2025-05-19T09:58:30.289Z" },
    { url = "https://files.pythonhosted.org/packages/66/5d/278c54e3d036305fac961d83ea1e9a675fb2a0c28aed2d908b637598daa6/cython-3.1.1-cp39-cp39-manylinux_2_17_x86_64.manylinux2014_x86_64.whl", hash = "sha256:a19188ecd385cdc649e3fec370f38d5fd7f1651aeed0b3fb403180f38fc88e8a", size = 3331865, upload-time = "2025-05-19T09:58:32.58Z" },
    { url = "https://files.pythonhosted.org/packages/07/2f/8ecdd1bfaf302d73fc7058287599dc6c421dfd76c1022db43d4b96ff749f/cython-3.1.1-cp39-cp39-manylinux_2_5_i686.manylinux1_i686.manylinux_2_17_i686.manylinux2014_i686.whl", hash = "sha256:7fff6526bb6f4eea615663117b86de6ede0d17c477b600d3d8302be3502bd3c3", size = 3392535, upload-time = "2025-05-19T09:58:35.489Z" },
    { url = "https://files.pythonhosted.org/packages/de/8a/b7abf8b82c9706055ffeae23d23f959fb845fceb9b8543c107c496a8eb69/cython-3.1.1-cp39-cp39-musllinux_1_2_aarch64.whl", hash = "sha256:3192a61c2a532d3faccdff508bc8427de9530b587888218bfc0226eb33a84e11", size = 3254413, upload-time = "2025-05-19T09:58:37.604Z" },
    { url = "https://files.pythonhosted.org/packages/1c/ec/33de7469fe1f8dff858c4867919985aa75bbfcb021938c445c286b006c49/cython-3.1.1-cp39-cp39-musllinux_1_2_i686.whl", hash = "sha256:56c6768a6f601f93daab7c2487f9f110548a896a91e00a6e119445ada2575323", size = 3479692, upload-time = "2025-05-19T09:58:40.826Z" },
    { url = "https://files.pythonhosted.org/packages/2e/aa/2bc816b0293df1798ee449422b97a2b8f81c3b04260d65f6c856e69d8e74/cython-3.1.1-cp39-cp39-musllinux_1_2_x86_64.whl", hash = "sha256:50ad80e2f438e9127a87c10927e6ac16a987df39c248b19ab2cd31330129be3c", size = 3408199, upload-time = "2025-05-19T09:58:43.166Z" },
    { url = "https://files.pythonhosted.org/packages/9c/4e/7eb59cd2e25477994c9beaa9f601c773208e28781016093388f8177f6489/cython-3.1.1-cp39-cp39-win32.whl", hash = "sha256:b194a65a0fd91f305d2d1e7010f44111774a28533e1e44dd2a76e7de81a219b9", size = 2456293, upload-time = "2025-05-19T09:58:45.178Z" },
    { url = "https://files.pythonhosted.org/packages/b4/ae/16ed166b8a9e5317e9a994138ed177ba52ee7588b2ae77e94f9c2f1b51eb/cython-3.1.1-cp39-cp39-win_amd64.whl", hash = "sha256:c8b8be01fd40b3e38a76c60a524f956548a3a7566e5530a833a48a695f3d6c12", size = 2655391, upload-time = "2025-05-19T09:58:47.511Z" },
    { url = "https://files.pythonhosted.org/packages/a7/97/8e8637e67afc09f1b51a617b15a0d1caf0b5159b0f79d47ab101e620e491/cython-3.1.1-py3-none-any.whl", hash = "sha256:07621e044f332d18139df2ccfcc930151fd323c2f61a58c82f304cffc9eb5280", size = 1220898, upload-time = "2025-05-19T09:44:50.614Z" },
]

[[package]]
name = "distlib"
version = "0.3.9"
source = { registry = "https://pypi.org/simple" }
sdist = { url = "https://files.pythonhosted.org/packages/0d/dd/1bec4c5ddb504ca60fc29472f3d27e8d4da1257a854e1d96742f15c1d02d/distlib-0.3.9.tar.gz", hash = "sha256:a60f20dea646b8a33f3e7772f74dc0b2d0772d2837ee1342a00645c81edf9403", size = 613923, upload-time = "2024-10-09T18:35:47.551Z" }
wheels = [
    { url = "https://files.pythonhosted.org/packages/91/a1/cf2472db20f7ce4a6be1253a81cfdf85ad9c7885ffbed7047fb72c24cf87/distlib-0.3.9-py2.py3-none-any.whl", hash = "sha256:47f8c22fd27c27e25a65601af709b38e4f0a45ea4fc2e710f65755fa8caaaf87", size = 468973, upload-time = "2024-10-09T18:35:44.272Z" },
]

[[package]]
name = "filelock"
version = "3.16.1"
source = { registry = "https://pypi.org/simple" }
sdist = { url = "https://files.pythonhosted.org/packages/9d/db/3ef5bb276dae18d6ec2124224403d1d67bccdbefc17af4cc8f553e341ab1/filelock-3.16.1.tar.gz", hash = "sha256:c249fbfcd5db47e5e2d6d62198e565475ee65e4831e2561c8e313fa7eb961435", size = 18037, upload-time = "2024-09-17T19:02:01.779Z" }
wheels = [
    { url = "https://files.pythonhosted.org/packages/b9/f8/feced7779d755758a52d1f6635d990b8d98dc0a29fa568bbe0625f18fdf3/filelock-3.16.1-py3-none-any.whl", hash = "sha256:2082e5703d51fbf98ea75855d9d5527e33d8ff23099bec374a134febee6946b0", size = 16163, upload-time = "2024-09-17T19:02:00.268Z" },
]

[[package]]
name = "identify"
version = "2.6.1"
source = { registry = "https://pypi.org/simple" }
sdist = { url = "https://files.pythonhosted.org/packages/29/bb/25024dbcc93516c492b75919e76f389bac754a3e4248682fba32b250c880/identify-2.6.1.tar.gz", hash = "sha256:91478c5fb7c3aac5ff7bf9b4344f803843dc586832d5f110d672b19aa1984c98", size = 99097, upload-time = "2024-09-14T23:50:32.513Z" }
wheels = [
    { url = "https://files.pythonhosted.org/packages/7d/0c/4ef72754c050979fdcc06c744715ae70ea37e734816bb6514f79df77a42f/identify-2.6.1-py2.py3-none-any.whl", hash = "sha256:53863bcac7caf8d2ed85bd20312ea5dcfc22226800f6d6881f232d861db5a8f0", size = 98972, upload-time = "2024-09-14T23:50:30.747Z" },
]

[[package]]
name = "nodeenv"
version = "1.9.1"
source = { registry = "https://pypi.org/simple" }
sdist = { url = "https://files.pythonhosted.org/packages/43/16/fc88b08840de0e0a72a2f9d8c6bae36be573e475a6326ae854bcc549fc45/nodeenv-1.9.1.tar.gz", hash = "sha256:6ec12890a2dab7946721edbfbcd91f3319c6ccc9aec47be7c7e6b7011ee6645f", size = 47437, upload-time = "2024-06-04T18:44:11.171Z" }
wheels = [
    { url = "https://files.pythonhosted.org/packages/d2/1d/1b658dbd2b9fa9c4c9f32accbfc0205d532c8c6194dc0f2a4c0428e7128a/nodeenv-1.9.1-py2.py3-none-any.whl", hash = "sha256:ba11c9782d29c27c70ffbdda2d7415098754709be8a7056d79a737cd901155c9", size = 22314, upload-time = "2024-06-04T18:44:08.352Z" },
]

[[package]]
name = "platformdirs"
version = "4.3.6"
source = { registry = "https://pypi.org/simple" }
sdist = { url = "https://files.pythonhosted.org/packages/13/fc/128cc9cb8f03208bdbf93d3aa862e16d376844a14f9a0ce5cf4507372de4/platformdirs-4.3.6.tar.gz", hash = "sha256:357fb2acbc885b0419afd3ce3ed34564c13c9b95c89360cd9563f73aa5e2b907", size = 21302, upload-time = "2024-09-17T19:06:50.688Z" }
wheels = [
    { url = "https://files.pythonhosted.org/packages/3c/a6/bc1012356d8ece4d66dd75c4b9fc6c1f6650ddd5991e421177d9f8f671be/platformdirs-4.3.6-py3-none-any.whl", hash = "sha256:73e575e1408ab8103900836b97580d5307456908a03e92031bab39e4554cc3fb", size = 18439, upload-time = "2024-09-17T19:06:49.212Z" },
]

[[package]]
name = "pre-commit"
version = "4.1.0"
source = { registry = "https://pypi.org/simple" }
dependencies = [
    { name = "cfgv" },
    { name = "identify" },
    { name = "nodeenv" },
    { name = "pyyaml" },
    { name = "virtualenv" },
]
sdist = { url = "https://files.pythonhosted.org/packages/2a/13/b62d075317d8686071eb843f0bb1f195eb332f48869d3c31a4c6f1e063ac/pre_commit-4.1.0.tar.gz", hash = "sha256:ae3f018575a588e30dfddfab9a05448bfbd6b73d78709617b5a2b853549716d4", size = 193330, upload-time = "2025-01-20T18:31:48.681Z" }
wheels = [
    { url = "https://files.pythonhosted.org/packages/43/b3/df14c580d82b9627d173ceea305ba898dca135feb360b6d84019d0803d3b/pre_commit-4.1.0-py2.py3-none-any.whl", hash = "sha256:d29e7cb346295bcc1cc75fc3e92e343495e3ea0196c9ec6ba53f49f10ab6ae7b", size = 220560, upload-time = "2025-01-20T18:31:47.319Z" },
]

[[package]]
name = "pyautotrace"
source = { editable = "." }

[package.dev-dependencies]
dev = [
    { name = "cython" },
    { name = "pre-commit" },
    { name = "setuptools" },
]

[package.metadata]

[package.metadata.requires-dev]
dev = [
    { name = "cython", specifier = "~=3.1.1" },
    { name = "pre-commit", specifier = "~=4.1.0" },
    { name = "setuptools", specifier = ">=61" },
]

[[package]]
name = "pyyaml"
version = "6.0.2"
source = { registry = "https://pypi.org/simple" }
sdist = { url = "https://files.pythonhosted.org/packages/54/ed/79a089b6be93607fa5cdaedf301d7dfb23af5f25c398d5ead2525b063e17/pyyaml-6.0.2.tar.gz", hash = "sha256:d584d9ec91ad65861cc08d42e834324ef890a082e591037abe114850ff7bbc3e", size = 130631, upload-time = "2024-08-06T20:33:50.674Z" }
wheels = [
    { url = "https://files.pythonhosted.org/packages/9b/95/a3fac87cb7158e231b5a6012e438c647e1a87f09f8e0d123acec8ab8bf71/PyYAML-6.0.2-cp310-cp310-macosx_10_9_x86_64.whl", hash = "sha256:0a9a2848a5b7feac301353437eb7d5957887edbf81d56e903999a75a3d743086", size = 184199, upload-time = "2024-08-06T20:31:40.178Z" },
    { url = "https://files.pythonhosted.org/packages/c7/7a/68bd47624dab8fd4afbfd3c48e3b79efe09098ae941de5b58abcbadff5cb/PyYAML-6.0.2-cp310-cp310-macosx_11_0_arm64.whl", hash = "sha256:29717114e51c84ddfba879543fb232a6ed60086602313ca38cce623c1d62cfbf", size = 171758, upload-time = "2024-08-06T20:31:42.173Z" },
    { url = "https://files.pythonhosted.org/packages/49/ee/14c54df452143b9ee9f0f29074d7ca5516a36edb0b4cc40c3f280131656f/PyYAML-6.0.2-cp310-cp310-manylinux_2_17_aarch64.manylinux2014_aarch64.whl", hash = "sha256:8824b5a04a04a047e72eea5cec3bc266db09e35de6bdfe34c9436ac5ee27d237", size = 718463, upload-time = "2024-08-06T20:31:44.263Z" },
    { url = "https://files.pythonhosted.org/packages/4d/61/de363a97476e766574650d742205be468921a7b532aa2499fcd886b62530/PyYAML-6.0.2-cp310-cp310-manylinux_2_17_s390x.manylinux2014_s390x.whl", hash = "sha256:7c36280e6fb8385e520936c3cb3b8042851904eba0e58d277dca80a5cfed590b", size = 719280, upload-time = "2024-08-06T20:31:50.199Z" },
    { url = "https://files.pythonhosted.org/packages/6b/4e/1523cb902fd98355e2e9ea5e5eb237cbc5f3ad5f3075fa65087aa0ecb669/PyYAML-6.0.2-cp310-cp310-manylinux_2_17_x86_64.manylinux2014_x86_64.whl", hash = "sha256:ec031d5d2feb36d1d1a24380e4db6d43695f3748343d99434e6f5f9156aaa2ed", size = 751239, upload-time = "2024-08-06T20:31:52.292Z" },
    { url = "https://files.pythonhosted.org/packages/b7/33/5504b3a9a4464893c32f118a9cc045190a91637b119a9c881da1cf6b7a72/PyYAML-6.0.2-cp310-cp310-musllinux_1_1_aarch64.whl", hash = "sha256:936d68689298c36b53b29f23c6dbb74de12b4ac12ca6cfe0e047bedceea56180", size = 695802, upload-time = "2024-08-06T20:31:53.836Z" },
    { url = "https://files.pythonhosted.org/packages/5c/20/8347dcabd41ef3a3cdc4f7b7a2aff3d06598c8779faa189cdbf878b626a4/PyYAML-6.0.2-cp310-cp310-musllinux_1_1_x86_64.whl", hash = "sha256:23502f431948090f597378482b4812b0caae32c22213aecf3b55325e049a6c68", size = 720527, upload-time = "2024-08-06T20:31:55.565Z" },
    { url = "https://files.pythonhosted.org/packages/be/aa/5afe99233fb360d0ff37377145a949ae258aaab831bde4792b32650a4378/PyYAML-6.0.2-cp310-cp310-win32.whl", hash = "sha256:2e99c6826ffa974fe6e27cdb5ed0021786b03fc98e5ee3c5bfe1fd5015f42b99", size = 144052, upload-time = "2024-08-06T20:31:56.914Z" },
    { url = "https://files.pythonhosted.org/packages/b5/84/0fa4b06f6d6c958d207620fc60005e241ecedceee58931bb20138e1e5776/PyYAML-6.0.2-cp310-cp310-win_amd64.whl", hash = "sha256:a4d3091415f010369ae4ed1fc6b79def9416358877534caf6a0fdd2146c87a3e", size = 161774, upload-time = "2024-08-06T20:31:58.304Z" },
    { url = "https://files.pythonhosted.org/packages/f8/aa/7af4e81f7acba21a4c6be026da38fd2b872ca46226673c89a758ebdc4fd2/PyYAML-6.0.2-cp311-cp311-macosx_10_9_x86_64.whl", hash = "sha256:cc1c1159b3d456576af7a3e4d1ba7e6924cb39de8f67111c735f6fc832082774", size = 184612, upload-time = "2024-08-06T20:32:03.408Z" },
    { url = "https://files.pythonhosted.org/packages/8b/62/b9faa998fd185f65c1371643678e4d58254add437edb764a08c5a98fb986/PyYAML-6.0.2-cp311-cp311-macosx_11_0_arm64.whl", hash = "sha256:1e2120ef853f59c7419231f3bf4e7021f1b936f6ebd222406c3b60212205d2ee", size = 172040, upload-time = "2024-08-06T20:32:04.926Z" },
    { url = "https://files.pythonhosted.org/packages/ad/0c/c804f5f922a9a6563bab712d8dcc70251e8af811fce4524d57c2c0fd49a4/PyYAML-6.0.2-cp311-cp311-manylinux_2_17_aarch64.manylinux2014_aarch64.whl", hash = "sha256:5d225db5a45f21e78dd9358e58a98702a0302f2659a3c6cd320564b75b86f47c", size = 736829, upload-time = "2024-08-06T20:32:06.459Z" },
    { url = "https://files.pythonhosted.org/packages/51/16/6af8d6a6b210c8e54f1406a6b9481febf9c64a3109c541567e35a49aa2e7/PyYAML-6.0.2-cp311-cp311-manylinux_2_17_s390x.manylinux2014_s390x.whl", hash = "sha256:5ac9328ec4831237bec75defaf839f7d4564be1e6b25ac710bd1a96321cc8317", size = 764167, upload-time = "2024-08-06T20:32:08.338Z" },
    { url = "https://files.pythonhosted.org/packages/75/e4/2c27590dfc9992f73aabbeb9241ae20220bd9452df27483b6e56d3975cc5/PyYAML-6.0.2-cp311-cp311-manylinux_2_17_x86_64.manylinux2014_x86_64.whl", hash = "sha256:3ad2a3decf9aaba3d29c8f537ac4b243e36bef957511b4766cb0057d32b0be85", size = 762952, upload-time = "2024-08-06T20:32:14.124Z" },
    { url = "https://files.pythonhosted.org/packages/9b/97/ecc1abf4a823f5ac61941a9c00fe501b02ac3ab0e373c3857f7d4b83e2b6/PyYAML-6.0.2-cp311-cp311-musllinux_1_1_aarch64.whl", hash = "sha256:ff3824dc5261f50c9b0dfb3be22b4567a6f938ccce4587b38952d85fd9e9afe4", size = 735301, upload-time = "2024-08-06T20:32:16.17Z" },
    { url = "https://files.pythonhosted.org/packages/45/73/0f49dacd6e82c9430e46f4a027baa4ca205e8b0a9dce1397f44edc23559d/PyYAML-6.0.2-cp311-cp311-musllinux_1_1_x86_64.whl", hash = "sha256:797b4f722ffa07cc8d62053e4cff1486fa6dc094105d13fea7b1de7d8bf71c9e", size = 756638, upload-time = "2024-08-06T20:32:18.555Z" },
    { url = "https://files.pythonhosted.org/packages/22/5f/956f0f9fc65223a58fbc14459bf34b4cc48dec52e00535c79b8db361aabd/PyYAML-6.0.2-cp311-cp311-win32.whl", hash = "sha256:11d8f3dd2b9c1207dcaf2ee0bbbfd5991f571186ec9cc78427ba5bd32afae4b5", size = 143850, upload-time = "2024-08-06T20:32:19.889Z" },
    { url = "https://files.pythonhosted.org/packages/ed/23/8da0bbe2ab9dcdd11f4f4557ccaf95c10b9811b13ecced089d43ce59c3c8/PyYAML-6.0.2-cp311-cp311-win_amd64.whl", hash = "sha256:e10ce637b18caea04431ce14fabcf5c64a1c61ec9c56b071a4b7ca131ca52d44", size = 161980, upload-time = "2024-08-06T20:32:21.273Z" },
    { url = "https://files.pythonhosted.org/packages/86/0c/c581167fc46d6d6d7ddcfb8c843a4de25bdd27e4466938109ca68492292c/PyYAML-6.0.2-cp312-cp312-macosx_10_9_x86_64.whl", hash = "sha256:c70c95198c015b85feafc136515252a261a84561b7b1d51e3384e0655ddf25ab", size = 183873, upload-time = "2024-08-06T20:32:25.131Z" },
    { url = "https://files.pythonhosted.org/packages/a8/0c/38374f5bb272c051e2a69281d71cba6fdb983413e6758b84482905e29a5d/PyYAML-6.0.2-cp312-cp312-macosx_11_0_arm64.whl", hash = "sha256:ce826d6ef20b1bc864f0a68340c8b3287705cae2f8b4b1d932177dcc76721725", size = 173302, upload-time = "2024-08-06T20:32:26.511Z" },
    { url = "https://files.pythonhosted.org/packages/c3/93/9916574aa8c00aa06bbac729972eb1071d002b8e158bd0e83a3b9a20a1f7/PyYAML-6.0.2-cp312-cp312-manylinux_2_17_aarch64.manylinux2014_aarch64.whl", hash = "sha256:1f71ea527786de97d1a0cc0eacd1defc0985dcf6b3f17bb77dcfc8c34bec4dc5", size = 739154, upload-time = "2024-08-06T20:32:28.363Z" },
    { url = "https://files.pythonhosted.org/packages/95/0f/b8938f1cbd09739c6da569d172531567dbcc9789e0029aa070856f123984/PyYAML-6.0.2-cp312-cp312-manylinux_2_17_s390x.manylinux2014_s390x.whl", hash = "sha256:9b22676e8097e9e22e36d6b7bda33190d0d400f345f23d4065d48f4ca7ae0425", size = 766223, upload-time = "2024-08-06T20:32:30.058Z" },
    { url = "https://files.pythonhosted.org/packages/b9/2b/614b4752f2e127db5cc206abc23a8c19678e92b23c3db30fc86ab731d3bd/PyYAML-6.0.2-cp312-cp312-manylinux_2_17_x86_64.manylinux2014_x86_64.whl", hash = "sha256:80bab7bfc629882493af4aa31a4cfa43a4c57c83813253626916b8c7ada83476", size = 767542, upload-time = "2024-08-06T20:32:31.881Z" },
    { url = "https://files.pythonhosted.org/packages/d4/00/dd137d5bcc7efea1836d6264f049359861cf548469d18da90cd8216cf05f/PyYAML-6.0.2-cp312-cp312-musllinux_1_1_aarch64.whl", hash = "sha256:0833f8694549e586547b576dcfaba4a6b55b9e96098b36cdc7ebefe667dfed48", size = 731164, upload-time = "2024-08-06T20:32:37.083Z" },
    { url = "https://files.pythonhosted.org/packages/c9/1f/4f998c900485e5c0ef43838363ba4a9723ac0ad73a9dc42068b12aaba4e4/PyYAML-6.0.2-cp312-cp312-musllinux_1_1_x86_64.whl", hash = "sha256:8b9c7197f7cb2738065c481a0461e50ad02f18c78cd75775628afb4d7137fb3b", size = 756611, upload-time = "2024-08-06T20:32:38.898Z" },
    { url = "https://files.pythonhosted.org/packages/df/d1/f5a275fdb252768b7a11ec63585bc38d0e87c9e05668a139fea92b80634c/PyYAML-6.0.2-cp312-cp312-win32.whl", hash = "sha256:ef6107725bd54b262d6dedcc2af448a266975032bc85ef0172c5f059da6325b4", size = 140591, upload-time = "2024-08-06T20:32:40.241Z" },
    { url = "https://files.pythonhosted.org/packages/0c/e8/4f648c598b17c3d06e8753d7d13d57542b30d56e6c2dedf9c331ae56312e/PyYAML-6.0.2-cp312-cp312-win_amd64.whl", hash = "sha256:7e7401d0de89a9a855c839bc697c079a4af81cf878373abd7dc625847d25cbd8", size = 156338, upload-time = "2024-08-06T20:32:41.93Z" },
    { url = "https://files.pythonhosted.org/packages/ef/e3/3af305b830494fa85d95f6d95ef7fa73f2ee1cc8ef5b495c7c3269fb835f/PyYAML-6.0.2-cp313-cp313-macosx_10_13_x86_64.whl", hash = "sha256:efdca5630322a10774e8e98e1af481aad470dd62c3170801852d752aa7a783ba", size = 181309, upload-time = "2024-08-06T20:32:43.4Z" },
    { url = "https://files.pythonhosted.org/packages/45/9f/3b1c20a0b7a3200524eb0076cc027a970d320bd3a6592873c85c92a08731/PyYAML-6.0.2-cp313-cp313-macosx_11_0_arm64.whl", hash = "sha256:50187695423ffe49e2deacb8cd10510bc361faac997de9efef88badc3bb9e2d1", size = 171679, upload-time = "2024-08-06T20:32:44.801Z" },
    { url = "https://files.pythonhosted.org/packages/7c/9a/337322f27005c33bcb656c655fa78325b730324c78620e8328ae28b64d0c/PyYAML-6.0.2-cp313-cp313-manylinux_2_17_aarch64.manylinux2014_aarch64.whl", hash = "sha256:0ffe8360bab4910ef1b9e87fb812d8bc0a308b0d0eef8c8f44e0254ab3b07133", size = 733428, upload-time = "2024-08-06T20:32:46.432Z" },
    { url = "https://files.pythonhosted.org/packages/a3/69/864fbe19e6c18ea3cc196cbe5d392175b4cf3d5d0ac1403ec3f2d237ebb5/PyYAML-6.0.2-cp313-cp313-manylinux_2_17_s390x.manylinux2014_s390x.whl", hash = "sha256:17e311b6c678207928d649faa7cb0d7b4c26a0ba73d41e99c4fff6b6c3276484", size = 763361, upload-time = "2024-08-06T20:32:51.188Z" },
    { url = "https://files.pythonhosted.org/packages/04/24/b7721e4845c2f162d26f50521b825fb061bc0a5afcf9a386840f23ea19fa/PyYAML-6.0.2-cp313-cp313-manylinux_2_17_x86_64.manylinux2014_x86_64.whl", hash = "sha256:70b189594dbe54f75ab3a1acec5f1e3faa7e8cf2f1e08d9b561cb41b845f69d5", size = 759523, upload-time = "2024-08-06T20:32:53.019Z" },
    { url = "https://files.pythonhosted.org/packages/2b/b2/e3234f59ba06559c6ff63c4e10baea10e5e7df868092bf9ab40e5b9c56b6/PyYAML-6.0.2-cp313-cp313-musllinux_1_1_aarch64.whl", hash = "sha256:41e4e3953a79407c794916fa277a82531dd93aad34e29c2a514c2c0c5fe971cc", size = 726660, upload-time = "2024-08-06T20:32:54.708Z" },
    { url = "https://files.pythonhosted.org/packages/fe/0f/25911a9f080464c59fab9027482f822b86bf0608957a5fcc6eaac85aa515/PyYAML-6.0.2-cp313-cp313-musllinux_1_1_x86_64.whl", hash = "sha256:68ccc6023a3400877818152ad9a1033e3db8625d899c72eacb5a668902e4d652", size = 751597, upload-time = "2024-08-06T20:32:56.985Z" },
    { url = "https://files.pythonhosted.org/packages/14/0d/e2c3b43bbce3cf6bd97c840b46088a3031085179e596d4929729d8d68270/PyYAML-6.0.2-cp313-cp313-win32.whl", hash = "sha256:bc2fa7c6b47d6bc618dd7fb02ef6fdedb1090ec036abab80d4681424b84c1183", size = 140527, upload-time = "2024-08-06T20:33:03.001Z" },
    { url = "https://files.pythonhosted.org/packages/fa/de/02b54f42487e3d3c6efb3f89428677074ca7bf43aae402517bc7cca949f3/PyYAML-6.0.2-cp313-cp313-win_amd64.whl", hash = "sha256:8388ee1976c416731879ac16da0aff3f63b286ffdd57cdeb95f3f2e085687563", size = 156446, upload-time = "2024-08-06T20:33:04.33Z" },
    { url = "https://files.pythonhosted.org/packages/65/d8/b7a1db13636d7fb7d4ff431593c510c8b8fca920ade06ca8ef20015493c5/PyYAML-6.0.2-cp39-cp39-macosx_10_9_x86_64.whl", hash = "sha256:688ba32a1cffef67fd2e9398a2efebaea461578b0923624778664cc1c914db5d", size = 184777, upload-time = "2024-08-06T20:33:25.896Z" },
    { url = "https://files.pythonhosted.org/packages/0a/02/6ec546cd45143fdf9840b2c6be8d875116a64076218b61d68e12548e5839/PyYAML-6.0.2-cp39-cp39-macosx_11_0_arm64.whl", hash = "sha256:a8786accb172bd8afb8be14490a16625cbc387036876ab6ba70912730faf8e1f", size = 172318, upload-time = "2024-08-06T20:33:27.212Z" },
    { url = "https://files.pythonhosted.org/packages/0e/9a/8cc68be846c972bda34f6c2a93abb644fb2476f4dcc924d52175786932c9/PyYAML-6.0.2-cp39-cp39-manylinux_2_17_aarch64.manylinux2014_aarch64.whl", hash = "sha256:d8e03406cac8513435335dbab54c0d385e4a49e4945d2909a581c83647ca0290", size = 720891, upload-time = "2024-08-06T20:33:28.974Z" },
    { url = "https://files.pythonhosted.org/packages/e9/6c/6e1b7f40181bc4805e2e07f4abc10a88ce4648e7e95ff1abe4ae4014a9b2/PyYAML-6.0.2-cp39-cp39-manylinux_2_17_s390x.manylinux2014_s390x.whl", hash = "sha256:f753120cb8181e736c57ef7636e83f31b9c0d1722c516f7e86cf15b7aa57ff12", size = 722614, upload-time = "2024-08-06T20:33:34.157Z" },
    { url = "https://files.pythonhosted.org/packages/3d/32/e7bd8535d22ea2874cef6a81021ba019474ace0d13a4819c2a4bce79bd6a/PyYAML-6.0.2-cp39-cp39-manylinux_2_17_x86_64.manylinux2014_x86_64.whl", hash = "sha256:3b1fdb9dc17f5a7677423d508ab4f243a726dea51fa5e70992e59a7411c89d19", size = 737360, upload-time = "2024-08-06T20:33:35.84Z" },
    { url = "https://files.pythonhosted.org/packages/d7/12/7322c1e30b9be969670b672573d45479edef72c9a0deac3bb2868f5d7469/PyYAML-6.0.2-cp39-cp39-musllinux_1_1_aarch64.whl", hash = "sha256:0b69e4ce7a131fe56b7e4d770c67429700908fc0752af059838b1cfb41960e4e", size = 699006, upload-time = "2024-08-06T20:33:37.501Z" },
    { url = "https://files.pythonhosted.org/packages/82/72/04fcad41ca56491995076630c3ec1e834be241664c0c09a64c9a2589b507/PyYAML-6.0.2-cp39-cp39-musllinux_1_1_x86_64.whl", hash = "sha256:a9f8c2e67970f13b16084e04f134610fd1d374bf477b17ec1599185cf611d725", size = 723577, upload-time = "2024-08-06T20:33:39.389Z" },
    { url = "https://files.pythonhosted.org/packages/ed/5e/46168b1f2757f1fcd442bc3029cd8767d88a98c9c05770d8b420948743bb/PyYAML-6.0.2-cp39-cp39-win32.whl", hash = "sha256:6395c297d42274772abc367baaa79683958044e5d3835486c16da75d2a694631", size = 144593, upload-time = "2024-08-06T20:33:46.63Z" },
    { url = "https://files.pythonhosted.org/packages/19/87/5124b1c1f2412bb95c59ec481eaf936cd32f0fe2a7b16b97b81c4c017a6a/PyYAML-6.0.2-cp39-cp39-win_amd64.whl", hash = "sha256:39693e1f8320ae4f43943590b49779ffb98acb81f788220ea932a6b6c51004d8", size = 162312, upload-time = "2024-08-06T20:33:49.073Z" },
]

[[package]]
name = "setuptools"
version = "75.8.0"
source = { registry = "https://pypi.org/simple" }
sdist = { url = "https://files.pythonhosted.org/packages/92/ec/089608b791d210aec4e7f97488e67ab0d33add3efccb83a056cbafe3a2a6/setuptools-75.8.0.tar.gz", hash = "sha256:c5afc8f407c626b8313a86e10311dd3f661c6cd9c09d4bf8c15c0e11f9f2b0e6", size = 1343222, upload-time = "2025-01-08T18:28:23.98Z" }
wheels = [
    { url = "https://files.pythonhosted.org/packages/69/8a/b9dc7678803429e4a3bc9ba462fa3dd9066824d3c607490235c6a796be5a/setuptools-75.8.0-py3-none-any.whl", hash = "sha256:e3982f444617239225d675215d51f6ba05f845d4eec313da4418fdbb56fb27e3", size = 1228782, upload-time = "2025-01-08T18:28:20.912Z" },
]

[[package]]
name = "virtualenv"
version = "20.27.0"
source = { registry = "https://pypi.org/simple" }
dependencies = [
    { name = "distlib" },
    { name = "filelock" },
    { name = "platformdirs" },
]
sdist = { url = "https://files.pythonhosted.org/packages/10/7f/192dd6ab6d91ebea7adf6c030eaf549b1ec0badda9f67a77b633602f66ac/virtualenv-20.27.0.tar.gz", hash = "sha256:2ca56a68ed615b8fe4326d11a0dca5dfbe8fd68510fb6c6349163bed3c15f2b2", size = 6483858, upload-time = "2024-10-18T01:28:06.991Z" }
wheels = [
    { url = "https://files.pythonhosted.org/packages/c8/15/828ec11907aee2349a9342fa71fba4ba7f3af938162a382dd7da339dea16/virtualenv-20.27.0-py3-none-any.whl", hash = "sha256:44a72c29cceb0ee08f300b314848c86e57bf8d1f13107a5e671fb9274138d655", size = 3110969, upload-time = "2024-10-18T01:28:03.637Z" },
]
